xray|26.2.2|amd64|https://github.com/XTLS/Xray-core/releases/download/v26.2.2/Xray-linux-64.zip|e281a2628e5d5beeec5e31b804b3f269ee70cd7f5d56aa92cccd1f8cb6d36365
xray|26.2.2|arm64|https://github.com/XTLS/Xray-core/releases/download/v26.2.2/Xray-linux-arm64-v8a.zip|4afed4f00b75452b565c692746a1b4e36b6cfa6142660588dd7934bd1d200577
singbox|1.12.19|arm64|https://github.com/mn-hacker/Hiddify-Custom-SingBox/releases/download/v1.12.19/sing-box-linux-arm64.zip|3b555b22f3db3899337ff8eefc7510de8ed3f1e269ca158cb3745fbc1220a498
singbox|1.12.19|amd64|https://github.com/mn-hacker/Hiddify-Custom-SingBox/releases/download/v1.12.19/sing-box-linux-amd64.zip|a4104fb0a588386c48b47c7c593488fc69e069158708af8bd1caeb2485adb862
mtproxygo|2.1.7|arm64|https://github.com/9seconds/mtg/releases/download/v2.1.7/mtg-2.1.7-linux-arm64.tar.gz|ca1897c13fbacb4a671b872ff7dad7bc5dc2b09a7d7ed8cac7034df74b5b195a
mtproxygo|2.1.7|amd64|https://github.com/9seconds/mtg/releases/download/v2.1.7/mtg-2.1.7-linux-amd64.tar.gz|af6e0cba65abe8e4e63f6e534cd6f23cc235ff987155a8a7e43e0f5b481a96e2
v2ray-plugin|1.3.2|arm64|https://github.com/shadowsocks/v2ray-plugin/releases/download/v1.3.2/v2ray-plugin-linux-arm64-v1.3.2.tar.gz|ef07467cdbd249cdec517809d281ada91c5b4640e7f003a324d145ce1e66fec3
v2ray-plugin|1.3.2|amd64|https://github.com/shadowsocks/v2ray-plugin/releases/download/v1.3.2/v2ray-plugin-linux-amd64-v1.3.2.tar.gz|b578514235b98b230f881aa2a01a7277205f85135bc09fc3832e5f3993ee541a
wgcf|2.2.29|amd64|https://github.com/ViRb3/wgcf/releases/download/v2.2.29/wgcf_2.2.29_linux_amd64|572d102720ee39a6a0a6a22a0b4689fdf92b8974ede927111e3daf8d2ed5dec1
wgcf|2.2.29|arm64|https://github.com/ViRb3/wgcf/releases/download/v2.2.29/wgcf_2.2.29_linux_arm64|6228ae03ce2004edb24888aa119d7bd3978004964113f9f1e00841db1b01313c
ssh-liberty-bridge|1.3.0|arm64|https://github.com/hiddify/ssh-liberty-bridge/releases/download/v1.3.0/ssh-liberty-bridge-arm64|78cbbbf05a4d442ea79359649df76caa9c7e8d19b8889ea2d077eb2c72122a0f
ssh-liberty-bridge|1.3.0|amd64|https://github.com/hiddify/ssh-liberty-bridge/releases/download/v1.3.0/ssh-liberty-bridge-amd64|2361ac482b5dccedab9e3910af204980353856b6a2b4da586cb67b8336bd0c9c
